// !$*UTF8*$!
{
	archiveVersion = 1;
	classes = {
	};
	objectVersion = 46;
	objects = {

/* Begin PBXBuildFile section */
		9331AD3A1EABDA1F00582C30 /* AppDelegate.swift in Sources */ = {isa = PBXBuildFile; fileRef = 9331AD391EABDA1F00582C30 /* AppDelegate.swift */; };
		9331AD3C1EABDA1F00582C30 /* ViewController.swift in Sources */ = {isa = PBXBuildFile; fileRef = 9331AD3B1EABDA1F00582C30 /* ViewController.swift */; };
		9331AD3F1EABDA1F00582C30 /* Main.storyboard in Resources */ = {isa = PBXBuildFile; fileRef = 9331AD3D1EABDA1F00582C30 /* Main.storyboard */; };
		9331AD411EABDA1F00582C30 /* Assets.xcassets in Resources */ = {isa = PBXBuildFile; fileRef = 9331AD401EABDA1F00582C30 /* Assets.xcassets */; };
		9331AD441EABDA1F00582C30 /* LaunchScreen.storyboard in Resources */ = {isa = PBXBuildFile; fileRef = 9331AD421EABDA1F00582C30 /* LaunchScreen.storyboard */; };
		9331AD4E1EABE28B00582C30 /* RestKit.framework in Frameworks */ = {isa = PBXBuildFile; fileRef = 9331AD4C1EABE28B00582C30 /* RestKit.framework */; };
		9331AD4F1EABE28B00582C30 /* TextToSpeechV1.framework in Frameworks */ = {isa = PBXBuildFile; fileRef = 9331AD4D1EABE28B00582C30 /* TextToSpeechV1.framework */; };
		9331AD521EABEFA200582C30 /* SpeechToTextV1.framework in Frameworks */ = {isa = PBXBuildFile; fileRef = 9331AD511EABEFA200582C30 /* SpeechToTextV1.framework */; };
		9331AD541EABF20100582C30 /* WatsonServices.swift in Sources */ = {isa = PBXBuildFile; fileRef = 9331AD531EABF20100582C30 /* WatsonServices.swift */; };
		9331AD571EABF5B800582C30 /* Pulsator.framework in Frameworks */ = {isa = PBXBuildFile; fileRef = 9331AD551EABF56800582C30 /* Pulsator.framework */; };
/* End PBXBuildFile section */

/* Begin PBXFileReference section */
		9331AD361EABDA1F00582C30 /* kooci.app */ = {isa = PBXFileReference; explicitFileType = wrapper.application; includeInIndex = 0; path = kooci.app; sourceTree = BUILT_PRODUCTS_DIR; };
		9331AD391EABDA1F00582C30 /* AppDelegate.swift */ = {isa = PBXFileReference; lastKnownFileType = sourcecode.swift; path = AppDelegate.swift; sourceTree = "<group>"; };
		9331AD3B1EABDA1F00582C30 /* ViewController.swift */ = {isa = PBXFileReference; lastKnownFileType = sourcecode.swift; path = ViewController.swift; sourceTree = "<group>"; };
		9331AD3E1EABDA1F00582C30 /* Base */ = {isa = PBXFileReference; lastKnownFileType = file.storyboard; name = Base; path = Base.lproj/Main.storyboard; sourceTree = "<group>"; };
		9331AD401EABDA1F00582C30 /* Assets.xcassets */ = {isa = PBXFileReference; lastKnownFileType = folder.assetcatalog; path = Assets.xcassets; sourceTree = "<group>"; };
		9331AD431EABDA1F00582C30 /* Base */ = {isa = PBXFileReference; lastKnownFileType = file.storyboard; name = Base; path = Base.lproj/LaunchScreen.storyboard; sourceTree = "<group>"; };
		9331AD451EABDA1F00582C30 /* Info.plist */ = {isa = PBXFileReference; lastKnownFileType = text.plist.xml; path = Info.plist; sourceTree = "<group>"; };
		9331AD4C1EABE28B00582C30 /* RestKit.framework */ = {isa = PBXFileReference; lastKnownFileType = wrapper.framework; name = RestKit.framework; path = Carthage/Build/iOS/RestKit.framework; sourceTree = "<group>"; };
		9331AD4D1EABE28B00582C30 /* TextToSpeechV1.framework */ = {isa = PBXFileReference; lastKnownFileType = wrapper.framework; name = TextToSpeechV1.framework; path = Carthage/Build/iOS/TextToSpeechV1.framework; sourceTree = "<group>"; };
		9331AD511EABEFA200582C30 /* SpeechToTextV1.framework */ = {isa = PBXFileReference; lastKnownFileType = wrapper.framework; name = SpeechToTextV1.framework; path = Carthage/Build/iOS/SpeechToTextV1.framework; sourceTree = "<group>"; };
		9331AD531EABF20100582C30 /* WatsonServices.swift */ = {isa = PBXFileReference; fileEncoding = 4; lastKnownFileType = sourcecode.swift; path = WatsonServices.swift; sourceTree = "<group>"; };
		9331AD551EABF56800582C30 /* Pulsator.framework */ = {isa = PBXFileReference; lastKnownFileType = wrapper.framework; name = Pulsator.framework; path = Carthage/Build/iOS/Pulsator.framework; sourceTree = "<group>"; };
/* End PBXFileReference section */

/* Begin PBXFrameworksBuildPhase section */
		9331AD331EABDA1F00582C30 /* Frameworks */ = {
			isa = PBXFrameworksBuildPhase;
			buildActionMask = 2147483647;
			files = (
				9331AD571EABF5B800582C30 /* Pulsator.framework in Frameworks */,
				9331AD521EABEFA200582C30 /* SpeechToTextV1.framework in Frameworks */,
				9331AD4E1EABE28B00582C30 /* RestKit.framework in Frameworks */,
				9331AD4F1EABE28B00582C30 /* TextToSpeechV1.framework in Frameworks */,
			);
			runOnlyForDeploymentPostprocessing = 0;
		};
/* End PBXFrameworksBuildPhase section */

/* Begin PBXGroup section */
		9331AD2D1EABDA1F00582C30 = {
			isa = PBXGroup;
			children = (
				9331AD381EABDA1F00582C30 /* kooci */,
				9331AD371EABDA1F00582C30 /* Products */,
				9331AD4B1EABE28A00582C30 /* Frameworks */,
			);
			sourceTree = "<group>";
		};
		9331AD371EABDA1F00582C30 /* Products */ = {
			isa = PBXGroup;
			children = (
				9331AD361EABDA1F00582C30 /* kooci.app */,
			);
			name = Products;
			sourceTree = "<group>";
		};
		9331AD381EABDA1F00582C30 /* kooci */ = {
			isa = PBXGroup;
			children = (
				9331AD391EABDA1F00582C30 /* AppDelegate.swift */,
				9331AD3B1EABDA1F00582C30 /* ViewController.swift */,
				9331AD531EABF20100582C30 /* WatsonServices.swift */,
				9331AD3D1EABDA1F00582C30 /* Main.storyboard */,
				9331AD401EABDA1F00582C30 /* Assets.xcassets */,
				9331AD421EABDA1F00582C30 /* LaunchScreen.storyboard */,
				9331AD451EABDA1F00582C30 /* Info.plist */,
			);
			path = kooci;
			sourceTree = "<group>";
		};
		9331AD4B1EABE28A00582C30 /* Frameworks */ = {
			isa = PBXGroup;
			children = (
				9331AD551EABF56800582C30 /* Pulsator.framework */,
				9331AD511EABEFA200582C30 /* SpeechToTextV1.framework */,
				9331AD4C1EABE28B00582C30 /* RestKit.framework */,
				9331AD4D1EABE28B00582C30 /* TextToSpeechV1.framework */,
			);
			name = Frameworks;
			sourceTree = "<group>";
		};
/* End PBXGroup section */

/* Begin PBXNativeTarget section */
		9331AD351EABDA1F00582C30 /* kooci */ = {
			isa = PBXNativeTarget;
			buildConfigurationList = 9331AD481EABDA1F00582C30 /* Build configuration list for PBXNativeTarget "kooci" */;
			buildPhases = (
				9331AD321EABDA1F00582C30 /* Sources */,
				9331AD331EABDA1F00582C30 /* Frameworks */,
				9331AD341EABDA1F00582C30 /* Resources */,
				9331AD501EABE2A500582C30 /* ShellScript */,
			);
			buildRules = (
			);
			dependencies = (
			);
			name = kooci;
			productName = kooci;
			productReference = 9331AD361EABDA1F00582C30 /* kooci.app */;
			productType = "com.apple.product-type.application";
		};
/* End PBXNativeTarget section */

/* Begin PBXProject section */
		9331AD2E1EABDA1F00582C30 /* Project object */ = {
			isa = PBXProject;
			attributes = {
				LastSwiftUpdateCheck = 0830;
				LastUpgradeCheck = 0830;
				ORGANIZATIONNAME = "Ute Schiehlen";
				TargetAttributes = {
					9331AD351EABDA1F00582C30 = {
						CreatedOnToolsVersion = 8.3.2;
						DevelopmentTeam = V369J6E35H;
						ProvisioningStyle = Automatic;
					};
				};
			};
			buildConfigurationList = 9331AD311EABDA1F00582C30 /* Build configuration list for PBXProject "kooci" */;
			compatibilityVersion = "Xcode 3.2";
			developmentRegion = English;
			hasScannedForEncodings = 0;
			knownRegions = (
				en,
				Base,
			);
			mainGroup = 9331AD2D1EABDA1F00582C30;
			productRefGroup = 9331AD371EABDA1F00582C30 /* Products */;
			projectDirPath = "";
			projectRoot = "";
			targets = (
				9331AD351EABDA1F00582C30 /* kooci */,
			);
		};
/* End PBXProject section */

/* Begin PBXResourcesBuildPhase section */
		9331AD341EABDA1F00582C30 /* Resources */ = {
			isa = PBXResourcesBuildPhase;
			buildActionMask = 2147483647;
			files = (
				9331AD441EABDA1F00582C30 /* LaunchScreen.storyboard in Resources */,
				9331AD411EABDA1F00582C30 /* Assets.xcassets in Resources */,
				9331AD3F1EABDA1F00582C30 /* Main.storyboard in Resources */,
			);
			runOnlyForDeploymentPostprocessing = 0;
		};
/* End PBXResourcesBuildPhase section */

/* Begin PBXShellScriptBuildPhase section */
		9331AD501EABE2A500582C30 /* ShellScript */ = {
			isa = PBXShellScriptBuildPhase;
			buildActionMask = 2147483647;
			files = (
			);
			inputPaths = (
				"$(SRCROOT)/Carthage/Build/iOS/TextToSpeechV1.framework",
				"$(SRCROOT)/Carthage/Build/iOS/RestKit.framework",
				"$(SRCROOT)/Carthage/Build/iOS/SpeechToTextV1.framework",
				"$(SRCROOT)/Carthage/Build/iOS/Pulsator.framework",
			);
			outputPaths = (
			);
			runOnlyForDeploymentPostprocessing = 0;
			shellPath = /bin/sh;
			shellScript = "/usr/local/bin/carthage copy-frameworks";
		};
/* End PBXShellScriptBuildPhase section */

/* Begin PBXSourcesBuildPhase section */
		9331AD321EABDA1F00582C30 /* Sources */ = {
			isa = PBXSourcesBuildPhase;
			buildActionMask = 2147483647;
			files = (
				9331AD541EABF20100582C30 /* WatsonServices.swift in Sources */,
				9331AD3C1EABDA1F00582C30 /* ViewController.swift in Sources */,
				9331AD3A1EABDA1F00582C30 /* AppDelegate.swift in Sources */,
			);
			runOnlyForDeploymentPostprocessing = 0;
		};
/* End PBXSourcesBuildPhase section */

/* Begin PBXVariantGroup section */
		9331AD3D1EABDA1F00582C30 /* Main.storyboard */ = {
			isa = PBXVariantGroup;
			children = (
				9331AD3E1EABDA1F00582C30 /* Base */,
			);
			name = Main.storyboard;
			sourceTree = "<group>";
		};
		9331AD421EABDA1F00582C30 /* LaunchScreen.storyboard */ = {
			isa = PBXVariantGroup;
			children = (
				9331AD431EABDA1F00582C30 /* Base */,
			);
			name = LaunchScreen.storyboard;
			sourceTree = "<group>";
		};
/* End PBXVariantGroup section */

/* Begin XCBuildConfiguration section */
		9331AD461EABDA1F00582C30 /* Debug */ = {
			isa = XCBuildConfiguration;
			buildSettings = {
				ALWAYS_SEARCH_USER_PATHS = NO;
				CLANG_ANALYZER_NONNULL = YES;
				CLANG_ANALYZER_NUMBER_OBJECT_CONVERSION = YES_AGGRESSIVE;
				CLANG_CXX_LANGUAGE_STANDARD = "gnu++0x";
				CLANG_CXX_LIBRARY = "libc++";
				CLANG_ENABLE_MODULES = YES;
				CLANG_ENABLE_OBJC_ARC = YES;
				CLANG_WARN_BOOL_CONVERSION = YES;
				CLANG_WARN_CONSTANT_CONVERSION = YES;
				CLANG_WARN_DIRECT_OBJC_ISA_USAGE = YES_ERROR;
				CLANG_WARN_DOCUMENTATION_COMMENTS = YES;
				CLANG_WARN_EMPTY_BODY = YES;
				CLANG_WARN_ENUM_CONVERSION = YES;
				CLANG_WARN_INFINITE_RECURSION = YES;
				CLANG_WARN_INT_CONVERSION = YES;
				CLANG_WARN_OBJC_ROOT_CLASS = YES_ERROR;
				CLANG_WARN_SUSPICIOUS_MOVE = YES;
				CLANG_WARN_UNREACHABLE_CODE = YES;
				CLANG_WARN__DUPLICATE_METHOD_MATCH = YES;
				"CODE_SIGN_IDENTITY[sdk=iphoneos*]" = "iPhone Developer";
				COPY_PHASE_STRIP = NO;
				DEBUG_INFORMATION_FORMAT = dwarf;
				ENABLE_STRICT_OBJC_MSGSEND = YES;
				ENABLE_TESTABILITY = YES;
				GCC_C_LANGUAGE_STANDARD = gnu99;
				GCC_DYNAMIC_NO_PIC = NO;
				GCC_NO_COMMON_BLOCKS = YES;
				GCC_OPTIMIZATION_LEVEL = 0;
				GCC_PREPROCESSOR_DEFINITIONS = (
					"DEBUG=1",
					"$(inherited)",
				);
				GCC_WARN_64_TO_32_BIT_CONVERSION = YES;
				GCC_WARN_ABOUT_RETURN_TYPE = YES_ERROR;
				GCC_WARN_UNDECLARED_SELECTOR = YES;
				GCC_WARN_UNINITIALIZED_AUTOS = YES_AGGRESSIVE;
				GCC_WARN_UNUSED_FUNCTION = YES;
				GCC_WARN_UNUSED_VARIABLE = YES;
				IPHONEOS_DEPLOYMENT_TARGET = 10.3;
				MTL_ENABLE_DEBUG_INFO = YES;
				ONLY_ACTIVE_ARCH = YES;
				SDKROOT = iphoneos;
				SWIFT_ACTIVE_COMPILATION_CONDITIONS = DEBUG;
				SWIFT_OPTIMIZATION_LEVEL = "-Onone";
			};
			name = Debug;
		};
		9331AD471EABDA1F00582C30 /* Release */ = {
			isa = XCBuildConfiguration;
			buildSettings = {
				ALWAYS_SEARCH_USER_PATHS = NO;
				CLANG_ANALYZER_NONNULL = YES;
				CLANG_ANALYZER_NUMBER_OBJECT_CONVERSION = YES_AGGRESSIVE;
				CLANG_CXX_LANGUAGE_STANDARD = "gnu++0x";
				CLANG_CXX_LIBRARY = "libc++";
				CLANG_ENABLE_MODULES = YES;
				CLANG_ENABLE_OBJC_ARC = YES;
				CLANG_WARN_BOOL_CONVERSION = YES;
				CLANG_WARN_CONSTANT_CONVERSION = YES;
				CLANG_WARN_DIRECT_OBJC_ISA_USAGE = YES_ERROR;
				CLANG_WARN_DOCUMENTATION_COMMENTS = YES;
				CLANG_WARN_EMPTY_BODY = YES;
				CLANG_WARN_ENUM_CONVERSION = YES;
				CLANG_WARN_INFINITE_RECURSION = YES;
				CLANG_WARN_INT_CONVERSION = YES;
				CLANG_WARN_OBJC_ROOT_CLASS = YES_ERROR;
				CLANG_WARN_SUSPICIOUS_MOVE = YES;
				CLANG_WARN_UNREACHABLE_CODE = YES;
				CLANG_WARN__DUPLICATE_METHOD_MATCH = YES;
				"CODE_SIGN_IDENTITY[sdk=iphoneos*]" = "iPhone Developer";
				COPY_PHASE_STRIP = NO;
				DEBUG_INFORMATION_FORMAT = "dwarf-with-dsym";
				ENABLE_NS_ASSERTIONS = NO;
				ENABLE_STRICT_OBJC_MSGSEND = YES;
				GCC_C_LANGUAGE_STANDARD = gnu99;
				GCC_NO_COMMON_BLOCKS = YES;
				GCC_WARN_64_TO_32_BIT_CONVERSION = YES;
				GCC_WARN_ABOUT_RETURN_TYPE = YES_ERROR;
				GCC_WARN_UNDECLARED_SELECTOR = YES;
				GCC_WARN_UNINITIALIZED_AUTOS = YES_AGGRESSIVE;
				GCC_WARN_UNUSED_FUNCTION = YES;
				GCC_WARN_UNUSED_VARIABLE = YES;
				IPHONEOS_DEPLOYMENT_TARGET = 10.3;
				MTL_ENABLE_DEBUG_INFO = NO;
				SDKROOT = iphoneos;
				SWIFT_OPTIMIZATION_LEVEL = "-Owholemodule";
				VALIDATE_PRODUCT = YES;
			};
			name = Release;
		};
		9331AD491EABDA1F00582C30 /* Debug */ = {
			isa = XCBuildConfiguration;
			buildSettings = {
				ASSETCATALOG_COMPILER_APPICON_NAME = AppIcon;
				DEVELOPMENT_TEAM = V369J6E35H;
				FRAMEWORK_SEARCH_PATHS = (
					"$(inherited)",
					"$(PROJECT_DIR)/Carthage/Build/iOS",
				);
				INFOPLIST_FILE = kooci/Info.plist;
				LD_RUNPATH_SEARCH_PATHS = "$(inherited) @executable_path/Frameworks";
				PRODUCT_BUNDLE_IDENTIFIER = kooci.kooci;
				PRODUCT_NAME = "$(TARGET_NAME)";
				SWIFT_VERSION = 3.0;
			};
			name = Debug;
		};
		9331AD4A1EABDA1F00582C30 /* Release */ = {
			isa = XCBuildConfiguration;
			buildSettings = {
				ASSETCATALOG_COMPILER_APPICON_NAME = AppIcon;
				DEVELOPMENT_TEAM = V369J6E35H;
				FRAMEWORK_SEARCH_PATHS = (
					"$(inherited)",
					"$(PROJECT_DIR)/Carthage/Build/iOS",
				);
				INFOPLIST_FILE = kooci/Info.plist;
				LD_RUNPATH_SEARCH_PATHS = "$(inherited) @executable_path/Frameworks";
				PRODUCT_BUNDLE_IDENTIFIER = kooci.kooci;
				PRODUCT_NAME = "$(TARGET_NAME)";
				SWIFT_VERSION = 3.0;
			};
			name = Release;
		};
/* End XCBuildConfiguration section */

/* Begin XCConfigurationList section */
		9331AD311EABDA1F00582C30 /* Build configuration list for PBXProject "kooci" */ = {
			isa = XCConfigurationList;
			buildConfigurations = (
				9331AD461EABDA1F00582C30 /* Debug */,
				9331AD471EABDA1F00582C30 /* Release */,
			);
			defaultConfigurationIsVisible = 0;
			defaultConfigurationName = Release;
		};
		9331AD481EABDA1F00582C30 /* Build configuration list for PBXNativeTarget "kooci" */ = {
			isa = XCConfigurationList;
			buildConfigurations = (
				9331AD491EABDA1F00582C30 /* Debug */,
				9331AD4A1EABDA1F00582C30 /* Release */,
			);
			defaultConfigurationIsVisible = 0;
			defaultConfigurationName = Release;
		};
/* End XCConfigurationList section */
	};
	rootObject = 9331AD2E1EABDA1F00582C30 /* Project object */;
}
